
Microsoft Visual Studio Solution File, Format Version 12.00
# Visual Studio Version 16
VisualStudioVersion = 16.0.31613.86
MinimumVisualStudioVersion = 10.0.40219.1
Project("{FAE04EC0-301F-11D3-BF4B-00C04F79EFBC}") = "WhatDoesThisCodeDoOO", "WhatDoesThisCodeDoOO\WhatDoesThisCodeDoOO.csproj", "{DB0E0E78-9B2F-4BB8-A7C2-FDC374E25C76}"
EndProject
Project("{FAE04EC0-301F-11D3-BF4B-00C04F79EFBC}") = "WhatDoesThisCodeDoOO.Test", "WhatDoesThisCodeDoOO.Test\WhatDoesThisCodeDoOO.Test.csproj", "{2CD3FA0D-D9FF-4C16-B390-BF485BB42179}"
EndProject
Global
	GlobalSection(SolutionConfigurationPlatforms) = preSolution
		Debug|Any CPU = Debug|Any CPU
		Release|Any CPU = Release|Any CPU
	EndGlobalSection
	GlobalSection(ProjectConfigurationPlatforms) = postSolution
		{DB0E0E78-9B2F-4BB8-A7C2-FDC374E25C76}.Debug|Any CPU.ActiveCfg = Debug|Any CPU
		{DB0E0E78-9B2F-4BB8-A7C2-FDC374E25C76}.Debug|Any CPU.Build.0 = Debug|Any CPU
		{DB0E0E78-9B2F-4BB8-A7C2-FDC374E25C76}.Release|Any CPU.ActiveCfg = Release|Any CPU
		{DB0E0E78-9B2F-4BB8-A7C2-FDC374E25C76}.Release|Any CPU.Build.0 = Release|Any CPU
		{2CD3FA0D-D9FF-4C16-B390-BF485BB42179}.Debug|Any CPU.ActiveCfg = Debug|Any CPU
		{2CD3FA0D-D9FF-4C16-B390-BF485BB42179}.Debug|Any CPU.Build.0 = Debug|Any CPU
		{2CD3FA0D-D9FF-4C16-B390-BF485BB42179}.Release|Any CPU.ActiveCfg = Release|Any CPU
		{2CD3FA0D-D9FF-4C16-B390-BF485BB42179}.Release|Any CPU.Build.0 = Release|Any CPU
	EndGlobalSection
	GlobalSection(SolutionProperties) = preSolution
		HideSolutionNode = FALSE
	EndGlobalSection
	GlobalSection(ExtensibilityGlobals) = postSolution
		SolutionGuid = {2FD26385-E0A0-4A6D-BFB7-79BDCDE33BB2}
	EndGlobalSection
EndGlobal
